Microsoft Visual Studio Solution File, Format Version 12.00
# Visual Studio 2012
Project("{FAE04EC0-301F-11D3-BF4B-00C04F79EFBC}") = "Barcode-VS2012", "Barcode\Barcode-VS2012.csproj", "{F3F2B177-856E-4FF1-99AA-8B814D1B9DF3}"
	ProjectSection(WebsiteProperties) = preProject
		Debug.AspNetCompiler.Debug = "True"
		Release.AspNetCompiler.Debug = "False"
	EndProjectSection
EndProject
Project("{FAE04EC0-301F-11D3-BF4B-00C04F79EFBC}") = "barcodeWinform-VS2012", "WinForm\barcodeWinform-VS2012.csproj", "{11221FE1-9F61-4441-AC4A-2F4DFC72617F}"
	ProjectSection(WebsiteProperties) = preProject
		Debug.AspNetCompiler.Debug = "True"
		Release.AspNetCompiler.Debug = "False"
	EndProjectSection
EndProject
Project("{FAE04EC0-301F-11D3-BF4B-00C04F79EFBC}") = "barcodeASPNET-VS2012", "Web\barcodeASPNET-VS2012.csproj", "{4E484C85-6211-468B-9353-89F8FBDDA051}"
	ProjectSection(WebsiteProperties) = preProject
		Debug.AspNetCompiler.Debug = "True"
		Release.AspNetCompiler.Debug = "False"
	EndProjectSection
EndProject
Global
	GlobalSection(SolutionConfigurationPlatforms) = preSolution
		Debug|Any CPU = Debug|Any CPU
		Release|Any CPU = Release|Any CPU
	EndGlobalSection
	GlobalSection(ProjectConfigurationPlatforms) = postSolution
		{F3F2B177-856E-4FF1-99AA-8B814D1B9DF3}.Debug|Any CPU.ActiveCfg = Debug|Any CPU
		{F3F2B177-856E-4FF1-99AA-8B814D1B9DF3}.Debug|Any CPU.Build.0 = Debug|Any CPU
		{F3F2B177-856E-4FF1-99AA-8B814D1B9DF3}.Release|Any CPU.ActiveCfg = Release|Any CPU
		{F3F2B177-856E-4FF1-99AA-8B814D1B9DF3}.Release|Any CPU.Build.0 = Release|Any CPU
		{11221FE1-9F61-4441-AC4A-2F4DFC72617F}.Debug|Any CPU.ActiveCfg = Debug|Any CPU
		{11221FE1-9F61-4441-AC4A-2F4DFC72617F}.Debug|Any CPU.Build.0 = Debug|Any CPU
		{11221FE1-9F61-4441-AC4A-2F4DFC72617F}.Release|Any CPU.ActiveCfg = Release|Any CPU
		{11221FE1-9F61-4441-AC4A-2F4DFC72617F}.Release|Any CPU.Build.0 = Release|Any CPU
		{4E484C85-6211-468B-9353-89F8FBDDA051}.Debug|Any CPU.ActiveCfg = Debug|Any CPU
		{4E484C85-6211-468B-9353-89F8FBDDA051}.Debug|Any CPU.Build.0 = Debug|Any CPU
		{4E484C85-6211-468B-9353-89F8FBDDA051}.Release|Any CPU.ActiveCfg = Release|Any CPU
		{4E484C85-6211-468B-9353-89F8FBDDA051}.Release|Any CPU.Build.0 = Release|Any CPU
	EndGlobalSection
	GlobalSection(SolutionProperties) = preSolution
		HideSolutionNode = FALSE
	EndGlobalSection
EndGlobal
